
Microsoft Visual Studio Solution File, Format Version 12.00
# Visual Studio Version 17
VisualStudioVersion = 17.7.34031.279
MinimumVisualStudioVersion = 10.0.40219.1
Project("{FAE04EC0-301F-11D3-BF4B-00C04F79EFBC}") = "Aron_Andreea1_Lab2", "Aron_Andreea1_Lab2.csproj", "{3DB12965-AA00-4FC3-A244-DA8831BCCD33}"
EndProject
Global
	GlobalSection(SolutionConfigurationPlatforms) = preSolution
		Debug|Any CPU = Debug|Any CPU
		Release|Any CPU = Release|Any CPU
	EndGlobalSection
	GlobalSection(ProjectConfigurationPlatforms) = postSolution
		{3DB12965-AA00-4FC3-A244-DA8831BCCD33}.Debug|Any CPU.ActiveCfg = Debug|Any CPU
		{3DB12965-AA00-4FC3-A244-DA8831BCCD33}.Debug|Any CPU.Build.0 = Debug|Any CPU
		{3DB12965-AA00-4FC3-A244-DA8831BCCD33}.Release|Any CPU.ActiveCfg = Release|Any CPU
		{3DB12965-AA00-4FC3-A244-DA8831BCCD33}.Release|Any CPU.Build.0 = Release|Any CPU
	EndGlobalSection
	GlobalSection(SolutionProperties) = preSolution
		HideSolutionNode = FALSE
	EndGlobalSection
	GlobalSection(ExtensibilityGlobals) = postSolution
		SolutionGuid = {403803CF-2C9D-4509-9C2C-67AB4F162126}
	EndGlobalSection
EndGlobal
